{
  "name": "learning-npm",
  "version": "1.0.0",
  "lockfileVersion": 3,
  "requires": true,
  "packages": {
    "": {
      "name": "learning-npm",
      "version": "1.0.0",
      "license": "ISC",
      "dependencies": {
        "silly-package": "^1.0.0"
      }
    },
    "node_modules/silly-package": {
      "version": "1.0.0",
      "resolved": "https://registry.npmjs.org/silly-package/-/silly-package-1.0.0.tgz",
      "integrity": "sha512-8lwcz/vFQz/X8XENyHmPNAMwtdQTu0GCnU2kLgjWNkZoJnWvgirVUCw/eqWCfkQAG68DiED5WppaAL1Z3Q100w=="
    }
  }
}
